
Microsoft Visual Studio Solution File, Format Version 12.00
# Visual Studio Version 17
VisualStudioVersion = 17.0.31903.59
MinimumVisualStudioVersion = 10.0.40219.1
Project("{FAE04EC0-301F-11D3-BF4B-00C04F79EFBC}") = "Ddbase", "Ddbase\Ddbase.csproj", "{2C4B4E9A-9551-4B54-AEDB-339356A1CAEF}"
EndProject
Project("{FAE04EC0-301F-11D3-BF4B-00C04F79EFBC}") = "debug", "debug\debug.csproj", "{C255052B-2AEF-41A6-A1D3-B4E727C89ADF}"
EndProject
Project("{FAE04EC0-301F-11D3-BF4B-00C04F79EFBC}") = "Ddbase.Tests", "Ddbase.Tests\Ddbase.Tests.csproj", "{53527366-D6F2-4334-B322-BB51D09BA073}"
EndProject
Global
	GlobalSection(SolutionConfigurationPlatforms) = preSolution
		Debug|Any CPU = Debug|Any CPU
		Release|Any CPU = Release|Any CPU
	EndGlobalSection
	GlobalSection(SolutionProperties) = preSolution
		HideSolutionNode = FALSE
	EndGlobalSection
	GlobalSection(ProjectConfigurationPlatforms) = postSolution
		{2C4B4E9A-9551-4B54-AEDB-339356A1CAEF}.Debug|Any CPU.ActiveCfg = Debug|Any CPU
		{2C4B4E9A-9551-4B54-AEDB-339356A1CAEF}.Debug|Any CPU.Build.0 = Debug|Any CPU
		{2C4B4E9A-9551-4B54-AEDB-339356A1CAEF}.Release|Any CPU.ActiveCfg = Release|Any CPU
		{2C4B4E9A-9551-4B54-AEDB-339356A1CAEF}.Release|Any CPU.Build.0 = Release|Any CPU
		{C255052B-2AEF-41A6-A1D3-B4E727C89ADF}.Debug|Any CPU.ActiveCfg = Debug|Any CPU
		{C255052B-2AEF-41A6-A1D3-B4E727C89ADF}.Debug|Any CPU.Build.0 = Debug|Any CPU
		{C255052B-2AEF-41A6-A1D3-B4E727C89ADF}.Release|Any CPU.ActiveCfg = Release|Any CPU
		{C255052B-2AEF-41A6-A1D3-B4E727C89ADF}.Release|Any CPU.Build.0 = Release|Any CPU
		{53527366-D6F2-4334-B322-BB51D09BA073}.Debug|Any CPU.ActiveCfg = Debug|Any CPU
		{53527366-D6F2-4334-B322-BB51D09BA073}.Debug|Any CPU.Build.0 = Debug|Any CPU
		{53527366-D6F2-4334-B322-BB51D09BA073}.Release|Any CPU.ActiveCfg = Release|Any CPU
		{53527366-D6F2-4334-B322-BB51D09BA073}.Release|Any CPU.Build.0 = Release|Any CPU
	EndGlobalSection
EndGlobal
